// !$*UTF8*$!
{
	archiveVersion = 1;
	classes = {
	};
	objectVersion = 48;
	objects = {

/* Begin PBXBuildFile section */
		0A2C28391FABC18000231D0C /* main.m in Sources */ = {isa = PBXBuildFile; fileRef = 0A2C28381FABC18000231D0C /* main.m */; };
		0A2C28411FABC18A00231D0C /* Baker.m in Sources */ = {isa = PBXBuildFile; fileRef = 0A2C28401FABC18A00231D0C /* Baker.m */; };
		0A2C28441FABC1AA00231D0C /* Cook.m in Sources */ = {isa = PBXBuildFile; fileRef = 0A2C28431FABC1AA00231D0C /* Cook.m */; };
		0A2C28471FABC1BC00231D0C /* FoodTruck.m in Sources */ = {isa = PBXBuildFile; fileRef = 0A2C28461FABC1BC00231D0C /* FoodTruck.m */; };
/* End PBXBuildFile section */

/* Begin PBXCopyFilesBuildPhase section */
		0A2C28331FABC18000231D0C /* CopyFiles */ = {
			isa = PBXCopyFilesBuildPhase;
			buildActionMask = 2147483647;
			dstPath = /usr/share/man/man1/;
			dstSubfolderSpec = 0;
			files = (
			);
			runOnlyForDeploymentPostprocessing = 1;
		};
/* End PBXCopyFilesBuildPhase section */

/* Begin PBXFileReference section */
		0A2C28351FABC18000231D0C /* FoodTruckNew */ = {isa = PBXFileReference; explicitFileType = "compiled.mach-o.executable"; includeInIndex = 0; path = FoodTruckNew; sourceTree = BUILT_PRODUCTS_DIR; };
		0A2C28381FABC18000231D0C /* main.m */ = {isa = PBXFileReference; lastKnownFileType = sourcecode.c.objc; path = main.m; sourceTree = "<group>"; };
		0A2C283F1FABC18A00231D0C /* Baker.h */ = {isa = PBXFileReference; lastKnownFileType = sourcecode.c.h; path = Baker.h; sourceTree = "<group>"; };
		0A2C28401FABC18A00231D0C /* Baker.m */ = {isa = PBXFileReference; lastKnownFileType = sourcecode.c.objc; path = Baker.m; sourceTree = "<group>"; };
		0A2C28421FABC1AA00231D0C /* Cook.h */ = {isa = PBXFileReference; lastKnownFileType = sourcecode.c.h; path = Cook.h; sourceTree = "<group>"; };
		0A2C28431FABC1AA00231D0C /* Cook.m */ = {isa = PBXFileReference; lastKnownFileType = sourcecode.c.objc; path = Cook.m; sourceTree = "<group>"; };
		0A2C28451FABC1BC00231D0C /* FoodTruck.h */ = {isa = PBXFileReference; lastKnownFileType = sourcecode.c.h; path = FoodTruck.h; sourceTree = "<group>"; };
		0A2C28461FABC1BC00231D0C /* FoodTruck.m */ = {isa = PBXFileReference; lastKnownFileType = sourcecode.c.objc; path = FoodTruck.m; sourceTree = "<group>"; };
/* End PBXFileReference section */

/* Begin PBXFrameworksBuildPhase section */
		0A2C28321FABC18000231D0C /* Frameworks */ = {
			isa = PBXFrameworksBuildPhase;
			buildActionMask = 2147483647;
			files = (
			);
			runOnlyForDeploymentPostprocessing = 0;
		};
/* End PBXFrameworksBuildPhase section */

/* Begin PBXGroup section */
		0A2C282C1FABC18000231D0C = {
			isa = PBXGroup;
			children = (
				0A2C28371FABC18000231D0C /* FoodTruckNew */,
				0A2C28361FABC18000231D0C /* Products */,
			);
			sourceTree = "<group>";
		};
		0A2C28361FABC18000231D0C /* Products */ = {
			isa = PBXGroup;
			children = (
				0A2C28351FABC18000231D0C /* FoodTruckNew */,
			);
			name = Products;
			sourceTree = "<group>";
		};
		0A2C28371FABC18000231D0C /* FoodTruckNew */ = {
			isa = PBXGroup;
			children = (
				0A2C28381FABC18000231D0C /* main.m */,
				0A2C283F1FABC18A00231D0C /* Baker.h */,
				0A2C28401FABC18A00231D0C /* Baker.m */,
				0A2C28421FABC1AA00231D0C /* Cook.h */,
				0A2C28431FABC1AA00231D0C /* Cook.m */,
				0A2C28451FABC1BC00231D0C /* FoodTruck.h */,
				0A2C28461FABC1BC00231D0C /* FoodTruck.m */,
			);
			path = FoodTruckNew;
			sourceTree = "<group>";
		};
/* End PBXGroup section */

/* Begin PBXNativeTarget section */
		0A2C28341FABC18000231D0C /* FoodTruckNew */ = {
			isa = PBXNativeTarget;
			buildConfigurationList = 0A2C283C1FABC18000231D0C /* Build configuration list for PBXNativeTarget "FoodTruckNew" */;
			buildPhases = (
				0A2C28311FABC18000231D0C /* Sources */,
				0A2C28321FABC18000231D0C /* Frameworks */,
				0A2C28331FABC18000231D0C /* CopyFiles */,
			);
			buildRules = (
			);
			dependencies = (
			);
			name = FoodTruckNew;
			productName = FoodTruckNew;
			productReference = 0A2C28351FABC18000231D0C /* FoodTruckNew */;
			productType = "com.apple.product-type.tool";
		};
/* End PBXNativeTarget section */

/* Begin PBXProject section */
		0A2C282D1FABC18000231D0C /* Project object */ = {
			isa = PBXProject;
			attributes = {
				LastUpgradeCheck = 0900;
				ORGANIZATIONNAME = "Alex Quigley";
				TargetAttributes = {
					0A2C28341FABC18000231D0C = {
						CreatedOnToolsVersion = 9.0.1;
						ProvisioningStyle = Automatic;
					};
				};
			};
			buildConfigurationList = 0A2C28301FABC18000231D0C /* Build configuration list for PBXProject "FoodTruckNew" */;
			compatibilityVersion = "Xcode 8.0";
			developmentRegion = en;
			hasScannedForEncodings = 0;
			knownRegions = (
				en,
			);
			mainGroup = 0A2C282C1FABC18000231D0C;
			productRefGroup = 0A2C28361FABC18000231D0C /* Products */;
			projectDirPath = "";
			projectRoot = "";
			targets = (
				0A2C28341FABC18000231D0C /* FoodTruckNew */,
			);
		};
/* End PBXProject section */

/* Begin PBXSourcesBuildPhase section */
		0A2C28311FABC18000231D0C /* Sources */ = {
			isa = PBXSourcesBuildPhase;
			buildActionMask = 2147483647;
			files = (
				0A2C28391FABC18000231D0C /* main.m in Sources */,
				0A2C28411FABC18A00231D0C /* Baker.m in Sources */,
				0A2C28441FABC1AA00231D0C /* Cook.m in Sources */,
				0A2C28471FABC1BC00231D0C /* FoodTruck.m in Sources */,
			);
			runOnlyForDeploymentPostprocessing = 0;
		};
/* End PBXSourcesBuildPhase section */

/* Begin XCBuildConfiguration section */
		0A2C283A1FABC18000231D0C /* Debug */ = {
			isa = XCBuildConfiguration;
			buildSettings = {
				ALWAYS_SEARCH_USER_PATHS = NO;
				CLANG_ANALYZER_NONNULL = YES;
				CLANG_ANALYZER_NUMBER_OBJECT_CONVERSION = YES_AGGRESSIVE;
				CLANG_CXX_LANGUAGE_STANDARD = "gnu++14";
				CLANG_CXX_LIBRARY = "libc++";
				CLANG_ENABLE_MODULES = YES;
				CLANG_ENABLE_OBJC_ARC = YES;
				CLANG_WARN_BLOCK_CAPTURE_AUTORELEASING = YES;
				CLANG_WARN_BOOL_CONVERSION = YES;
				CLANG_WARN_COMMA = YES;
				CLANG_WARN_CONSTANT_CONVERSION = YES;
				CLANG_WARN_DIRECT_OBJC_ISA_USAGE = YES_ERROR;
				CLANG_WARN_DOCUMENTATION_COMMENTS = YES;
				CLANG_WARN_EMPTY_BODY = YES;
				CLANG_WARN_ENUM_CONVERSION = YES;
				CLANG_WARN_INFINITE_RECURSION = YES;
				CLANG_WARN_INT_CONVERSION = YES;
				CLANG_WARN_NON_LITERAL_NULL_CONVERSION = YES;
				CLANG_WARN_OBJC_LITERAL_CONVERSION = YES;
				CLANG_WARN_OBJC_ROOT_CLASS = YES_ERROR;
				CLANG_WARN_RANGE_LOOP_ANALYSIS = YES;
				CLANG_WARN_STRICT_PROTOTYPES = YES;
				CLANG_WARN_SUSPICIOUS_MOVE = YES;
				CLANG_WARN_UNGUARDED_AVAILABILITY = YES_AGGRESSIVE;
				CLANG_WARN_UNREACHABLE_CODE = YES;
				CLANG_WARN__DUPLICATE_METHOD_MATCH = YES;
				CODE_SIGN_IDENTITY = "-";
				COPY_PHASE_STRIP = NO;
				DEBUG_INFORMATION_FORMAT = dwarf;
				ENABLE_STRICT_OBJC_MSGSEND = YES;
				ENABLE_TESTABILITY = YES;
				GCC_C_LANGUAGE_STANDARD = gnu11;
				GCC_DYNAMIC_NO_PIC = NO;
				GCC_NO_COMMON_BLOCKS = YES;
				GCC_OPTIMIZATION_LEVEL = 0;
				GCC_PREPROCESSOR_DEFINITIONS = (
					"DEBUG=1",
					"$(inherited)",
				);
				GCC_WARN_64_TO_32_BIT_CONVERSION = YES;
				GCC_WARN_ABOUT_RETURN_TYPE = YES_ERROR;
				GCC_WARN_UNDECLARED_SELECTOR = YES;
				GCC_WARN_UNINITIALIZED_AUTOS = YES_AGGRESSIVE;
				GCC_WARN_UNUSED_FUNCTION = YES;
				GCC_WARN_UNUSED_VARIABLE = YES;
				MACOSX_DEPLOYMENT_TARGET = 10.12;
				MTL_ENABLE_DEBUG_INFO = YES;
				ONLY_ACTIVE_ARCH = YES;
				SDKROOT = macosx;
			};
			name = Debug;
		};
		0A2C283B1FABC18000231D0C /* Release */ = {
			isa = XCBuildConfiguration;
			buildSettings = {
				ALWAYS_SEARCH_USER_PATHS = NO;
				CLANG_ANALYZER_NONNULL = YES;
				CLANG_ANALYZER_NUMBER_OBJECT_CONVERSION = YES_AGGRESSIVE;
				CLANG_CXX_LANGUAGE_STANDARD = "gnu++14";
				CLANG_CXX_LIBRARY = "libc++";
				CLANG_ENABLE_MODULES = YES;
				CLANG_ENABLE_OBJC_ARC = YES;
				CLANG_WARN_BLOCK_CAPTURE_AUTORELEASING = YES;
				CLANG_WARN_BOOL_CONVERSION = YES;
				CLANG_WARN_COMMA = YES;
				CLANG_WARN_CONSTANT_CONVERSION = YES;
				CLANG_WARN_DIRECT_OBJC_ISA_USAGE = YES_ERROR;
				CLANG_WARN_DOCUMENTATION_COMMENTS = YES;
				CLANG_WARN_EMPTY_BODY = YES;
				CLANG_WARN_ENUM_CONVERSION = YES;
				CLANG_WARN_INFINITE_RECURSION = YES;
				CLANG_WARN_INT_CONVERSION = YES;
				CLANG_WARN_NON_LITERAL_NULL_CONVERSION = YES;
				CLANG_WARN_OBJC_LITERAL_CONVERSION = YES;
				CLANG_WARN_OBJC_ROOT_CLASS = YES_ERROR;
				CLANG_WARN_RANGE_LOOP_ANALYSIS = YES;
				CLANG_WARN_STRICT_PROTOTYPES = YES;
				CLANG_WARN_SUSPICIOUS_MOVE = YES;
				CLANG_WARN_UNGUARDED_AVAILABILITY = YES_AGGRESSIVE;
				CLANG_WARN_UNREACHABLE_CODE = YES;
				CLANG_WARN__DUPLICATE_METHOD_MATCH = YES;
				CODE_SIGN_IDENTITY = "-";
				COPY_PHASE_STRIP = NO;
				DEBUG_INFORMATION_FORMAT = "dwarf-with-dsym";
				ENABLE_NS_ASSERTIONS = NO;
				ENABLE_STRICT_OBJC_MSGSEND = YES;
				GCC_C_LANGUAGE_STANDARD = gnu11;
				GCC_NO_COMMON_BLOCKS = YES;
				GCC_WARN_64_TO_32_BIT_CONVERSION = YES;
				GCC_WARN_ABOUT_RETURN_TYPE = YES_ERROR;
				GCC_WARN_UNDECLARED_SELECTOR = YES;
				GCC_WARN_UNINITIALIZED_AUTOS = YES_AGGRESSIVE;
				GCC_WARN_UNUSED_FUNCTION = YES;
				GCC_WARN_UNUSED_VARIABLE = YES;
				MACOSX_DEPLOYMENT_TARGET = 10.12;
				MTL_ENABLE_DEBUG_INFO = NO;
				SDKROOT = macosx;
			};
			name = Release;
		};
		0A2C283D1FABC18000231D0C /* Debug */ = {
			isa = XCBuildConfiguration;
			buildSettings = {
				CODE_SIGN_STYLE = Automatic;
				PRODUCT_NAME = "$(TARGET_NAME)";
			};
			name = Debug;
		};
		0A2C283E1FABC18000231D0C /* Release */ = {
			isa = XCBuildConfiguration;
			buildSettings = {
				CODE_SIGN_STYLE = Automatic;
				PRODUCT_NAME = "$(TARGET_NAME)";
			};
			name = Release;
		};
/* End XCBuildConfiguration section */

/* Begin XCConfigurationList section */
		0A2C28301FABC18000231D0C /* Build configuration list for PBXProject "FoodTruckNew" */ = {
			isa = XCConfigurationList;
			buildConfigurations = (
				0A2C283A1FABC18000231D0C /* Debug */,
				0A2C283B1FABC18000231D0C /* Release */,
			);
			defaultConfigurationIsVisible = 0;
			defaultConfigurationName = Release;
		};
		0A2C283C1FABC18000231D0C /* Build configuration list for PBXNativeTarget "FoodTruckNew" */ = {
			isa = XCConfigurationList;
			buildConfigurations = (
				0A2C283D1FABC18000231D0C /* Debug */,
				0A2C283E1FABC18000231D0C /* Release */,
			);
			defaultConfigurationIsVisible = 0;
			defaultConfigurationName = Release;
		};
/* End XCConfigurationList section */
	};
	rootObject = 0A2C282D1FABC18000231D0C /* Project object */;
}
